// !$*UTF8*$!
{
	archiveVersion = 1;
	classes = {
	};
	objectVersion = 50;
	objects = {

/* Begin PBXBuildFile section */
		5533C2AB20AC854F00BE7AA2 /* Project+CoreDataClass.swift in Sources */ = {isa = PBXBuildFile; fileRef = 5533C2A920AC854E00BE7AA2 /* Project+CoreDataClass.swift */; };
		5533C2AC20AC854F00BE7AA2 /* Project+CoreDataProperties.swift in Sources */ = {isa = PBXBuildFile; fileRef = 5533C2AA20AC854E00BE7AA2 /* Project+CoreDataProperties.swift */; };
		55FF30BC20A3587300C63A4F /* AppDelegate.swift in Sources */ = {isa = PBXBuildFile; fileRef = 55FF30BB20A3587300C63A4F /* AppDelegate.swift */; };
		55FF30BE20A3587300C63A4F /* ViewController.swift in Sources */ = {isa = PBXBuildFile; fileRef = 55FF30BD20A3587300C63A4F /* ViewController.swift */; };
		55FF30C120A3587300C63A4F /* Main.storyboard in Resources */ = {isa = PBXBuildFile; fileRef = 55FF30BF20A3587300C63A4F /* Main.storyboard */; };
		55FF30C420A3587300C63A4F /* InstructionalDesignForm.xcdatamodeld in Sources */ = {isa = PBXBuildFile; fileRef = 55FF30C220A3587300C63A4F /* InstructionalDesignForm.xcdatamodeld */; };
		55FF30C620A3587E00C63A4F /* Assets.xcassets in Resources */ = {isa = PBXBuildFile; fileRef = 55FF30C520A3587E00C63A4F /* Assets.xcassets */; };
		55FF30C920A3587E00C63A4F /* LaunchScreen.storyboard in Resources */ = {isa = PBXBuildFile; fileRef = 55FF30C720A3587E00C63A4F /* LaunchScreen.storyboard */; };
		55FF30D520A35BC400C63A4F /* CoreDataStack.swift in Sources */ = {isa = PBXBuildFile; fileRef = 55FF30D420A35BC400C63A4F /* CoreDataStack.swift */; };
		55FF30D720A3616700C63A4F /* AddViewController.swift in Sources */ = {isa = PBXBuildFile; fileRef = 55FF30D620A3616700C63A4F /* AddViewController.swift */; };
		55FF30D920A3619100C63A4F /* FilterSortViewController:TableViewController.swift in Sources */ = {isa = PBXBuildFile; fileRef = 55FF30D820A3619100C63A4F /* FilterSortViewController:TableViewController.swift */; };
		55FF30DB20A4825E00C63A4F /* IDTextView.swift in Sources */ = {isa = PBXBuildFile; fileRef = 55FF30DA20A4825E00C63A4F /* IDTextView.swift */; };
		55FF30DD20A48D2F00C63A4F /* IDTextField.swift in Sources */ = {isa = PBXBuildFile; fileRef = 55FF30DC20A48D2F00C63A4F /* IDTextField.swift */; };
/* End PBXBuildFile section */

/* Begin PBXFileReference section */
		5533C2A920AC854E00BE7AA2 /* Project+CoreDataClass.swift */ = {isa = PBXFileReference; lastKnownFileType = sourcecode.swift; path = "Project+CoreDataClass.swift"; sourceTree = "<group>"; };
		5533C2AA20AC854E00BE7AA2 /* Project+CoreDataProperties.swift */ = {isa = PBXFileReference; lastKnownFileType = sourcecode.swift; path = "Project+CoreDataProperties.swift"; sourceTree = "<group>"; };
		55FF30B820A3587300C63A4F /* InstructionalDesignForm.app */ = {isa = PBXFileReference; explicitFileType = wrapper.application; includeInIndex = 0; path = InstructionalDesignForm.app; sourceTree = BUILT_PRODUCTS_DIR; };
		55FF30BB20A3587300C63A4F /* AppDelegate.swift */ = {isa = PBXFileReference; lastKnownFileType = sourcecode.swift; path = AppDelegate.swift; sourceTree = "<group>"; };
		55FF30BD20A3587300C63A4F /* ViewController.swift */ = {isa = PBXFileReference; lastKnownFileType = sourcecode.swift; path = ViewController.swift; sourceTree = "<group>"; };
		55FF30C020A3587300C63A4F /* Base */ = {isa = PBXFileReference; lastKnownFileType = file.storyboard; name = Base; path = Base.lproj/Main.storyboard; sourceTree = "<group>"; };
		55FF30C320A3587300C63A4F /* InstructionalDesignForm.xcdatamodel */ = {isa = PBXFileReference; lastKnownFileType = wrapper.xcdatamodel; path = InstructionalDesignForm.xcdatamodel; sourceTree = "<group>"; };
		55FF30C520A3587E00C63A4F /* Assets.xcassets */ = {isa = PBXFileReference; lastKnownFileType = folder.assetcatalog; path = Assets.xcassets; sourceTree = "<group>"; };
		55FF30C820A3587E00C63A4F /* Base */ = {isa = PBXFileReference; lastKnownFileType = file.storyboard; name = Base; path = Base.lproj/LaunchScreen.storyboard; sourceTree = "<group>"; };
		55FF30CA20A3587E00C63A4F /* Info.plist */ = {isa = PBXFileReference; lastKnownFileType = text.plist.xml; path = Info.plist; sourceTree = "<group>"; };
		55FF30D420A35BC400C63A4F /* CoreDataStack.swift */ = {isa = PBXFileReference; lastKnownFileType = sourcecode.swift; path = CoreDataStack.swift; sourceTree = "<group>"; };
		55FF30D620A3616700C63A4F /* AddViewController.swift */ = {isa = PBXFileReference; lastKnownFileType = sourcecode.swift; path = AddViewController.swift; sourceTree = "<group>"; };
		55FF30D820A3619100C63A4F /* FilterSortViewController:TableViewController.swift */ = {isa = PBXFileReference; lastKnownFileType = sourcecode.swift; path = "FilterSortViewController:TableViewController.swift"; sourceTree = "<group>"; };
		55FF30DA20A4825E00C63A4F /* IDTextView.swift */ = {isa = PBXFileReference; lastKnownFileType = sourcecode.swift; path = IDTextView.swift; sourceTree = "<group>"; };
		55FF30DC20A48D2F00C63A4F /* IDTextField.swift */ = {isa = PBXFileReference; lastKnownFileType = sourcecode.swift; path = IDTextField.swift; sourceTree = "<group>"; };
/* End PBXFileReference section */

/* Begin PBXFrameworksBuildPhase section */
		55FF30B520A3587300C63A4F /* Frameworks */ = {
			isa = PBXFrameworksBuildPhase;
			buildActionMask = 2147483647;
			files = (
			);
			runOnlyForDeploymentPostprocessing = 0;
		};
/* End PBXFrameworksBuildPhase section */

/* Begin PBXGroup section */
		55FF30AF20A3587300C63A4F = {
			isa = PBXGroup;
			children = (
				5533C2A920AC854E00BE7AA2 /* Project+CoreDataClass.swift */,
				5533C2AA20AC854E00BE7AA2 /* Project+CoreDataProperties.swift */,
				55FF30D420A35BC400C63A4F /* CoreDataStack.swift */,
				55FF30BA20A3587300C63A4F /* InstructionalDesignForm */,
				55FF30B920A3587300C63A4F /* Products */,
			);
			sourceTree = "<group>";
		};
		55FF30B920A3587300C63A4F /* Products */ = {
			isa = PBXGroup;
			children = (
				55FF30B820A3587300C63A4F /* InstructionalDesignForm.app */,
			);
			name = Products;
			sourceTree = "<group>";
		};
		55FF30BA20A3587300C63A4F /* InstructionalDesignForm */ = {
			isa = PBXGroup;
			children = (
				55FF30BB20A3587300C63A4F /* AppDelegate.swift */,
				55FF30D620A3616700C63A4F /* AddViewController.swift */,
				55FF30D820A3619100C63A4F /* FilterSortViewController:TableViewController.swift */,
				55FF30BD20A3587300C63A4F /* ViewController.swift */,
				55FF30BF20A3587300C63A4F /* Main.storyboard */,
				55FF30C520A3587E00C63A4F /* Assets.xcassets */,
				55FF30C720A3587E00C63A4F /* LaunchScreen.storyboard */,
				55FF30CA20A3587E00C63A4F /* Info.plist */,
				55FF30C220A3587300C63A4F /* InstructionalDesignForm.xcdatamodeld */,
				55FF30DC20A48D2F00C63A4F /* IDTextField.swift */,
				55FF30DA20A4825E00C63A4F /* IDTextView.swift */,
			);
			path = InstructionalDesignForm;
			sourceTree = "<group>";
		};
/* End PBXGroup section */

/* Begin PBXNativeTarget section */
		55FF30B720A3587300C63A4F /* InstructionalDesignForm */ = {
			isa = PBXNativeTarget;
			buildConfigurationList = 55FF30CD20A3587E00C63A4F /* Build configuration list for PBXNativeTarget "InstructionalDesignForm" */;
			buildPhases = (
				55FF30B420A3587300C63A4F /* Sources */,
				55FF30B520A3587300C63A4F /* Frameworks */,
				55FF30B620A3587300C63A4F /* Resources */,
			);
			buildRules = (
			);
			dependencies = (
			);
			name = InstructionalDesignForm;
			productName = InstructionalDesignForm;
			productReference = 55FF30B820A3587300C63A4F /* InstructionalDesignForm.app */;
			productType = "com.apple.product-type.application";
		};
/* End PBXNativeTarget section */

/* Begin PBXProject section */
		55FF30B020A3587300C63A4F /* Project object */ = {
			isa = PBXProject;
			attributes = {
				LastSwiftUpdateCheck = 0930;
				LastUpgradeCheck = 0930;
				ORGANIZATIONNAME = "David Flom";
				TargetAttributes = {
					55FF30B720A3587300C63A4F = {
						CreatedOnToolsVersion = 9.3;
					};
				};
			};
			buildConfigurationList = 55FF30B320A3587300C63A4F /* Build configuration list for PBXProject "InstructionalDesignForm" */;
			compatibilityVersion = "Xcode 9.3";
			developmentRegion = en;
			hasScannedForEncodings = 0;
			knownRegions = (
				en,
				Base,
			);
			mainGroup = 55FF30AF20A3587300C63A4F;
			productRefGroup = 55FF30B920A3587300C63A4F /* Products */;
			projectDirPath = "";
			projectRoot = "";
			targets = (
				55FF30B720A3587300C63A4F /* InstructionalDesignForm */,
			);
		};
/* End PBXProject section */

/* Begin PBXResourcesBuildPhase section */
		55FF30B620A3587300C63A4F /* Resources */ = {
			isa = PBXResourcesBuildPhase;
			buildActionMask = 2147483647;
			files = (
				55FF30C920A3587E00C63A4F /* LaunchScreen.storyboard in Resources */,
				55FF30C620A3587E00C63A4F /* Assets.xcassets in Resources */,
				55FF30C120A3587300C63A4F /* Main.storyboard in Resources */,
			);
			runOnlyForDeploymentPostprocessing = 0;
		};
/* End PBXResourcesBuildPhase section */

/* Begin PBXSourcesBuildPhase section */
		55FF30B420A3587300C63A4F /* Sources */ = {
			isa = PBXSourcesBuildPhase;
			buildActionMask = 2147483647;
			files = (
				55FF30BE20A3587300C63A4F /* ViewController.swift in Sources */,
				55FF30D720A3616700C63A4F /* AddViewController.swift in Sources */,
				55FF30D920A3619100C63A4F /* FilterSortViewController:TableViewController.swift in Sources */,
				55FF30C420A3587300C63A4F /* InstructionalDesignForm.xcdatamodeld in Sources */,
				55FF30D520A35BC400C63A4F /* CoreDataStack.swift in Sources */,
				55FF30DD20A48D2F00C63A4F /* IDTextField.swift in Sources */,
				55FF30DB20A4825E00C63A4F /* IDTextView.swift in Sources */,
				5533C2AB20AC854F00BE7AA2 /* Project+CoreDataClass.swift in Sources */,
				5533C2AC20AC854F00BE7AA2 /* Project+CoreDataProperties.swift in Sources */,
				55FF30BC20A3587300C63A4F /* AppDelegate.swift in Sources */,
			);
			runOnlyForDeploymentPostprocessing = 0;
		};
/* End PBXSourcesBuildPhase section */

/* Begin PBXVariantGroup section */
		55FF30BF20A3587300C63A4F /* Main.storyboard */ = {
			isa = PBXVariantGroup;
			children = (
				55FF30C020A3587300C63A4F /* Base */,
			);
			name = Main.storyboard;
			sourceTree = "<group>";
		};
		55FF30C720A3587E00C63A4F /* LaunchScreen.storyboard */ = {
			isa = PBXVariantGroup;
			children = (
				55FF30C820A3587E00C63A4F /* Base */,
			);
			name = LaunchScreen.storyboard;
			sourceTree = "<group>";
		};
/* End PBXVariantGroup section */

/* Begin XCBuildConfiguration section */
		55FF30CB20A3587E00C63A4F /* Debug */ = {
			isa = XCBuildConfiguration;
			buildSettings = {
				ALWAYS_SEARCH_USER_PATHS = NO;
				CLANG_ANALYZER_NONNULL = YES;
				CLANG_ANALYZER_NUMBER_OBJECT_CONVERSION = YES_AGGRESSIVE;
				CLANG_CXX_LANGUAGE_STANDARD = "gnu++14";
				CLANG_CXX_LIBRARY = "libc++";
				CLANG_ENABLE_MODULES = YES;
				CLANG_ENABLE_OBJC_ARC = YES;
				CLANG_ENABLE_OBJC_WEAK = YES;
				CLANG_WARN_BLOCK_CAPTURE_AUTORELEASING = YES;
				CLANG_WARN_BOOL_CONVERSION = YES;
				CLANG_WARN_COMMA = YES;
				CLANG_WARN_CONSTANT_CONVERSION = YES;
				CLANG_WARN_DEPRECATED_OBJC_IMPLEMENTATIONS = YES;
				CLANG_WARN_DIRECT_OBJC_ISA_USAGE = YES_ERROR;
				CLANG_WARN_DOCUMENTATION_COMMENTS = YES;
				CLANG_WARN_EMPTY_BODY = YES;
				CLANG_WARN_ENUM_CONVERSION = YES;
				CLANG_WARN_INFINITE_RECURSION = YES;
				CLANG_WARN_INT_CONVERSION = YES;
				CLANG_WARN_NON_LITERAL_NULL_CONVERSION = YES;
				CLANG_WARN_OBJC_IMPLICIT_RETAIN_SELF = YES;
				CLANG_WARN_OBJC_LITERAL_CONVERSION = YES;
				CLANG_WARN_OBJC_ROOT_CLASS = YES_ERROR;
				CLANG_WARN_RANGE_LOOP_ANALYSIS = YES;
				CLANG_WARN_STRICT_PROTOTYPES = YES;
				CLANG_WARN_SUSPICIOUS_MOVE = YES;
				CLANG_WARN_UNGUARDED_AVAILABILITY = YES_AGGRESSIVE;
				CLANG_WARN_UNREACHABLE_CODE = YES;
				CLANG_WARN__DUPLICATE_METHOD_MATCH = YES;
				CODE_SIGN_IDENTITY = "iPhone Developer";
				COPY_PHASE_STRIP = NO;
				DEBUG_INFORMATION_FORMAT = dwarf;
				ENABLE_STRICT_OBJC_MSGSEND = YES;
				ENABLE_TESTABILITY = YES;
				GCC_C_LANGUAGE_STANDARD = gnu11;
				GCC_DYNAMIC_NO_PIC = NO;
				GCC_NO_COMMON_BLOCKS = YES;
				GCC_OPTIMIZATION_LEVEL = 0;
				GCC_PREPROCESSOR_DEFINITIONS = (
					"DEBUG=1",
					"$(inherited)",
				);
				GCC_WARN_64_TO_32_BIT_CONVERSION = YES;
				GCC_WARN_ABOUT_RETURN_TYPE = YES_ERROR;
				GCC_WARN_UNDECLARED_SELECTOR = YES;
				GCC_WARN_UNINITIALIZED_AUTOS = YES_AGGRESSIVE;
				GCC_WARN_UNUSED_FUNCTION = YES;
				GCC_WARN_UNUSED_VARIABLE = YES;
				IPHONEOS_DEPLOYMENT_TARGET = 11.3;
				MTL_ENABLE_DEBUG_INFO = YES;
				ONLY_ACTIVE_ARCH = YES;
				SDKROOT = iphoneos;
				SWIFT_ACTIVE_COMPILATION_CONDITIONS = DEBUG;
				SWIFT_OPTIMIZATION_LEVEL = "-Onone";
			};
			name = Debug;
		};
		55FF30CC20A3587E00C63A4F /* Release */ = {
			isa = XCBuildConfiguration;
			buildSettings = {
				ALWAYS_SEARCH_USER_PATHS = NO;
				CLANG_ANALYZER_NONNULL = YES;
				CLANG_ANALYZER_NUMBER_OBJECT_CONVERSION = YES_AGGRESSIVE;
				CLANG_CXX_LANGUAGE_STANDARD = "gnu++14";
				CLANG_CXX_LIBRARY = "libc++";
				CLANG_ENABLE_MODULES = YES;
				CLANG_ENABLE_OBJC_ARC = YES;
				CLANG_ENABLE_OBJC_WEAK = YES;
				CLANG_WARN_BLOCK_CAPTURE_AUTORELEASING = YES;
				CLANG_WARN_BOOL_CONVERSION = YES;
				CLANG_WARN_COMMA = YES;
				CLANG_WARN_CONSTANT_CONVERSION = YES;
				CLANG_WARN_DEPRECATED_OBJC_IMPLEMENTATIONS = YES;
				CLANG_WARN_DIRECT_OBJC_ISA_USAGE = YES_ERROR;
				CLANG_WARN_DOCUMENTATION_COMMENTS = YES;
				CLANG_WARN_EMPTY_BODY = YES;
				CLANG_WARN_ENUM_CONVERSION = YES;
				CLANG_WARN_INFINITE_RECURSION = YES;
				CLANG_WARN_INT_CONVERSION = YES;
				CLANG_WARN_NON_LITERAL_NULL_CONVERSION = YES;
				CLANG_WARN_OBJC_IMPLICIT_RETAIN_SELF = YES;
				CLANG_WARN_OBJC_LITERAL_CONVERSION = YES;
				CLANG_WARN_OBJC_ROOT_CLASS = YES_ERROR;
				CLANG_WARN_RANGE_LOOP_ANALYSIS = YES;
				CLANG_WARN_STRICT_PROTOTYPES = YES;
				CLANG_WARN_SUSPICIOUS_MOVE = YES;
				CLANG_WARN_UNGUARDED_AVAILABILITY = YES_AGGRESSIVE;
				CLANG_WARN_UNREACHABLE_CODE = YES;
				CLANG_WARN__DUPLICATE_METHOD_MATCH = YES;
				CODE_SIGN_IDENTITY = "iPhone Developer";
				COPY_PHASE_STRIP = NO;
				DEBUG_INFORMATION_FORMAT = "dwarf-with-dsym";
				ENABLE_NS_ASSERTIONS = NO;
				ENABLE_STRICT_OBJC_MSGSEND = YES;
				GCC_C_LANGUAGE_STANDARD = gnu11;
				GCC_NO_COMMON_BLOCKS = YES;
				GCC_WARN_64_TO_32_BIT_CONVERSION = YES;
				GCC_WARN_ABOUT_RETURN_TYPE = YES_ERROR;
				GCC_WARN_UNDECLARED_SELECTOR = YES;
				GCC_WARN_UNINITIALIZED_AUTOS = YES_AGGRESSIVE;
				GCC_WARN_UNUSED_FUNCTION = YES;
				GCC_WARN_UNUSED_VARIABLE = YES;
				IPHONEOS_DEPLOYMENT_TARGET = 11.3;
				MTL_ENABLE_DEBUG_INFO = NO;
				SDKROOT = iphoneos;
				SWIFT_COMPILATION_MODE = wholemodule;
				SWIFT_OPTIMIZATION_LEVEL = "-O";
				VALIDATE_PRODUCT = YES;
			};
			name = Release;
		};
		55FF30CE20A3587E00C63A4F /* Debug */ = {
			isa = XCBuildConfiguration;
			buildSettings = {
				ASSETCATALOG_COMPILER_APPICON_NAME = AppIcon;
				CODE_SIGN_STYLE = Automatic;
				DEVELOPMENT_TEAM = 25Y94H4E2J;
				INFOPLIST_FILE = InstructionalDesignForm/Info.plist;
				LD_RUNPATH_SEARCH_PATHS = (
					"$(inherited)",
					"@executable_path/Frameworks",
				);
				PRODUCT_BUNDLE_IDENTIFIER = com.flom.InstructionalDesignForm;
				PRODUCT_NAME = "$(TARGET_NAME)";
				SWIFT_VERSION = 4.0;
				TARGETED_DEVICE_FAMILY = 2;
			};
			name = Debug;
		};
		55FF30CF20A3587E00C63A4F /* Release */ = {
			isa = XCBuildConfiguration;
			buildSettings = {
				ASSETCATALOG_COMPILER_APPICON_NAME = AppIcon;
				CODE_SIGN_STYLE = Automatic;
				DEVELOPMENT_TEAM = 25Y94H4E2J;
				INFOPLIST_FILE = InstructionalDesignForm/Info.plist;
				LD_RUNPATH_SEARCH_PATHS = (
					"$(inherited)",
					"@executable_path/Frameworks",
				);
				PRODUCT_BUNDLE_IDENTIFIER = com.flom.InstructionalDesignForm;
				PRODUCT_NAME = "$(TARGET_NAME)";
				SWIFT_VERSION = 4.0;
				TARGETED_DEVICE_FAMILY = 2;
			};
			name = Release;
		};
/* End XCBuildConfiguration section */

/* Begin XCConfigurationList section */
		55FF30B320A3587300C63A4F /* Build configuration list for PBXProject "InstructionalDesignForm" */ = {
			isa = XCConfigurationList;
			buildConfigurations = (
				55FF30CB20A3587E00C63A4F /* Debug */,
				55FF30CC20A3587E00C63A4F /* Release */,
			);
			defaultConfigurationIsVisible = 0;
			defaultConfigurationName = Release;
		};
		55FF30CD20A3587E00C63A4F /* Build configuration list for PBXNativeTarget "InstructionalDesignForm" */ = {
			isa = XCConfigurationList;
			buildConfigurations = (
				55FF30CE20A3587E00C63A4F /* Debug */,
				55FF30CF20A3587E00C63A4F /* Release */,
			);
			defaultConfigurationIsVisible = 0;
			defaultConfigurationName = Release;
		};
/* End XCConfigurationList section */

/* Begin XCVersionGroup section */
		55FF30C220A3587300C63A4F /* InstructionalDesignForm.xcdatamodeld */ = {
			isa = XCVersionGroup;
			children = (
				55FF30C320A3587300C63A4F /* InstructionalDesignForm.xcdatamodel */,
			);
			currentVersion = 55FF30C320A3587300C63A4F /* InstructionalDesignForm.xcdatamodel */;
			path = InstructionalDesignForm.xcdatamodeld;
			sourceTree = "<group>";
			versionGroupType = wrapper.xcdatamodel;
		};
/* End XCVersionGroup section */
	};
	rootObject = 55FF30B020A3587300C63A4F /* Project object */;
}
